// !$*UTF8*$!
{
	archiveVersion = 1;
	classes = {
	};
	objectVersion = 56;
	objects = {

/* Begin PBXBuildFile section */
		043DFC0429F9588E008A3E65 /* _706012110019_ileenetrinia_AFL3_ucwalkApp.swift in Sources */ = {isa = PBXBuildFile; fileRef = 043DFC0329F9588E008A3E65 /* _706012110019_ileenetrinia_AFL3_ucwalkApp.swift */; };
		043DFC0629F9588E008A3E65 /* ContentView.swift in Sources */ = {isa = PBXBuildFile; fileRef = 043DFC0529F9588E008A3E65 /* ContentView.swift */; };
		043DFC0829F95890008A3E65 /* Assets.xcassets in Resources */ = {isa = PBXBuildFile; fileRef = 043DFC0729F95890008A3E65 /* Assets.xcassets */; };
		043DFC0B29F95890008A3E65 /* Preview Assets.xcassets in Resources */ = {isa = PBXBuildFile; fileRef = 043DFC0A29F95890008A3E65 /* Preview Assets.xcassets */; };
		043DFC1C29F96373008A3E65 /* cartItem.swift in Sources */ = {isa = PBXBuildFile; fileRef = 043DFC1B29F96373008A3E65 /* cartItem.swift */; };
		043DFC2029F96B32008A3E65 /* checkOutView.swift in Sources */ = {isa = PBXBuildFile; fileRef = 043DFC1F29F96B32008A3E65 /* checkOutView.swift */; };
		043DFC3229F97FA7008A3E65 /* keranjang.swift in Sources */ = {isa = PBXBuildFile; fileRef = 043DFC3129F97FA7008A3E65 /* keranjang.swift */; };
		043DFC3629F9842A008A3E65 /* Cafetaria.swift in Sources */ = {isa = PBXBuildFile; fileRef = 043DFC3529F9842A008A3E65 /* Cafetaria.swift */; };
		043DFC3E29F987CC008A3E65 /* CafetariaDetail.swift in Sources */ = {isa = PBXBuildFile; fileRef = 043DFC3D29F987CC008A3E65 /* CafetariaDetail.swift */; };
		04612F0A29FADB7A0001C2F6 /* CafetariaListView.swift in Sources */ = {isa = PBXBuildFile; fileRef = 04612F0929FADB7A0001C2F6 /* CafetariaListView.swift */; };
		04EEF2232A0259DC00D8F4EE /* AddProductAmount.swift in Sources */ = {isa = PBXBuildFile; fileRef = 04EEF2222A0259DC00D8F4EE /* AddProductAmount.swift */; };
		04EEF2252A0265CB00D8F4EE /* cartView.swift in Sources */ = {isa = PBXBuildFile; fileRef = 04EEF2242A0265CB00D8F4EE /* cartView.swift */; };
/* End PBXBuildFile section */

/* Begin PBXFileReference section */
		043DFC0029F9588E008A3E65 /* 0706012110019-ileenetrinia-AFL3-ucwalk.app */ = {isa = PBXFileReference; explicitFileType = wrapper.application; includeInIndex = 0; path = "0706012110019-ileenetrinia-AFL3-ucwalk.app"; sourceTree = BUILT_PRODUCTS_DIR; };
		043DFC0329F9588E008A3E65 /* _706012110019_ileenetrinia_AFL3_ucwalkApp.swift */ = {isa = PBXFileReference; lastKnownFileType = sourcecode.swift; path = _706012110019_ileenetrinia_AFL3_ucwalkApp.swift; sourceTree = "<group>"; };
		043DFC0529F9588E008A3E65 /* ContentView.swift */ = {isa = PBXFileReference; lastKnownFileType = sourcecode.swift; path = ContentView.swift; sourceTree = "<group>"; };
		043DFC0729F95890008A3E65 /* Assets.xcassets */ = {isa = PBXFileReference; lastKnownFileType = folder.assetcatalog; path = Assets.xcassets; sourceTree = "<group>"; };
		043DFC0A29F95890008A3E65 /* Preview Assets.xcassets */ = {isa = PBXFileReference; lastKnownFileType = folder.assetcatalog; path = "Preview Assets.xcassets"; sourceTree = "<group>"; };
		043DFC1B29F96373008A3E65 /* cartItem.swift */ = {isa = PBXFileReference; lastKnownFileType = sourcecode.swift; path = cartItem.swift; sourceTree = "<group>"; };
		043DFC1F29F96B32008A3E65 /* checkOutView.swift */ = {isa = PBXFileReference; lastKnownFileType = sourcecode.swift; path = checkOutView.swift; sourceTree = "<group>"; };
		043DFC3129F97FA7008A3E65 /* keranjang.swift */ = {isa = PBXFileReference; lastKnownFileType = sourcecode.swift; path = keranjang.swift; sourceTree = "<group>"; };
		043DFC3529F9842A008A3E65 /* Cafetaria.swift */ = {isa = PBXFileReference; lastKnownFileType = sourcecode.swift; path = Cafetaria.swift; sourceTree = "<group>"; };
		043DFC3D29F987CC008A3E65 /* CafetariaDetail.swift */ = {isa = PBXFileReference; lastKnownFileType = sourcecode.swift; path = CafetariaDetail.swift; sourceTree = "<group>"; };
		04612F0929FADB7A0001C2F6 /* CafetariaListView.swift */ = {isa = PBXFileReference; lastKnownFileType = sourcecode.swift; path = CafetariaListView.swift; sourceTree = "<group>"; };
		04EEF2222A0259DC00D8F4EE /* AddProductAmount.swift */ = {isa = PBXFileReference; lastKnownFileType = sourcecode.swift; path = AddProductAmount.swift; sourceTree = "<group>"; };
		04EEF2242A0265CB00D8F4EE /* cartView.swift */ = {isa = PBXFileReference; lastKnownFileType = sourcecode.swift; path = cartView.swift; sourceTree = "<group>"; };
/* End PBXFileReference section */

/* Begin PBXFrameworksBuildPhase section */
		043DFBFD29F9588E008A3E65 /* Frameworks */ = {
			isa = PBXFrameworksBuildPhase;
			buildActionMask = 2147483647;
			files = (
			);
			runOnlyForDeploymentPostprocessing = 0;
		};
/* End PBXFrameworksBuildPhase section */

/* Begin PBXGroup section */
		043DFBF729F9588E008A3E65 = {
			isa = PBXGroup;
			children = (
				043DFC0229F9588E008A3E65 /* 0706012110019-ileenetrinia-AFL3-ucwalk */,
				043DFC0129F9588E008A3E65 /* Products */,
			);
			sourceTree = "<group>";
		};
		043DFC0129F9588E008A3E65 /* Products */ = {
			isa = PBXGroup;
			children = (
				043DFC0029F9588E008A3E65 /* 0706012110019-ileenetrinia-AFL3-ucwalk.app */,
			);
			name = Products;
			sourceTree = "<group>";
		};
		043DFC0229F9588E008A3E65 /* 0706012110019-ileenetrinia-AFL3-ucwalk */ = {
			isa = PBXGroup;
			children = (
				043DFC1729F9622F008A3E65 /* Views */,
				043DFC1629F9620F008A3E65 /* Models */,
				043DFC0329F9588E008A3E65 /* _706012110019_ileenetrinia_AFL3_ucwalkApp.swift */,
				043DFC0529F9588E008A3E65 /* ContentView.swift */,
				043DFC0729F95890008A3E65 /* Assets.xcassets */,
				043DFC0929F95890008A3E65 /* Preview Content */,
			);
			path = "0706012110019-ileenetrinia-AFL3-ucwalk";
			sourceTree = "<group>";
		};
		043DFC0929F95890008A3E65 /* Preview Content */ = {
			isa = PBXGroup;
			children = (
				043DFC0A29F95890008A3E65 /* Preview Assets.xcassets */,
			);
			path = "Preview Content";
			sourceTree = "<group>";
		};
		043DFC1629F9620F008A3E65 /* Models */ = {
			isa = PBXGroup;
			children = (
				043DFC1B29F96373008A3E65 /* cartItem.swift */,
				043DFC3129F97FA7008A3E65 /* keranjang.swift */,
				043DFC3529F9842A008A3E65 /* Cafetaria.swift */,
			);
			path = Models;
			sourceTree = "<group>";
		};
		043DFC1729F9622F008A3E65 /* Views */ = {
			isa = PBXGroup;
			children = (
				043DFC1F29F96B32008A3E65 /* checkOutView.swift */,
				043DFC3D29F987CC008A3E65 /* CafetariaDetail.swift */,
				04612F0929FADB7A0001C2F6 /* CafetariaListView.swift */,
				04EEF2222A0259DC00D8F4EE /* AddProductAmount.swift */,
				04EEF2242A0265CB00D8F4EE /* cartView.swift */,
			);
			path = Views;
			sourceTree = "<group>";
		};
/* End PBXGroup section */

/* Begin PBXNativeTarget section */
		043DFBFF29F9588E008A3E65 /* 0706012110019-ileenetrinia-AFL3-ucwalk */ = {
			isa = PBXNativeTarget;
			buildConfigurationList = 043DFC0E29F95890008A3E65 /* Build configuration list for PBXNativeTarget "0706012110019-ileenetrinia-AFL3-ucwalk" */;
			buildPhases = (
				043DFBFC29F9588E008A3E65 /* Sources */,
				043DFBFD29F9588E008A3E65 /* Frameworks */,
				043DFBFE29F9588E008A3E65 /* Resources */,
			);
			buildRules = (
			);
			dependencies = (
			);
			name = "0706012110019-ileenetrinia-AFL3-ucwalk";
			productName = "0706012110019-ileenetrinia-AFL3-ucwalk";
			productReference = 043DFC0029F9588E008A3E65 /* 0706012110019-ileenetrinia-AFL3-ucwalk.app */;
			productType = "com.apple.product-type.application";
		};
/* End PBXNativeTarget section */

/* Begin PBXProject section */
		043DFBF829F9588E008A3E65 /* Project object */ = {
			isa = PBXProject;
			attributes = {
				BuildIndependentTargetsInParallel = 1;
				LastSwiftUpdateCheck = 1420;
				LastUpgradeCheck = 1420;
				TargetAttributes = {
					043DFBFF29F9588E008A3E65 = {
						CreatedOnToolsVersion = 14.2;
					};
				};
			};
			buildConfigurationList = 043DFBFB29F9588E008A3E65 /* Build configuration list for PBXProject "0706012110019-ileenetrinia-AFL3-ucwalk" */;
			compatibilityVersion = "Xcode 14.0";
			developmentRegion = en;
			hasScannedForEncodings = 0;
			knownRegions = (
				en,
				Base,
			);
			mainGroup = 043DFBF729F9588E008A3E65;
			productRefGroup = 043DFC0129F9588E008A3E65 /* Products */;
			projectDirPath = "";
			projectRoot = "";
			targets = (
				043DFBFF29F9588E008A3E65 /* 0706012110019-ileenetrinia-AFL3-ucwalk */,
			);
		};
/* End PBXProject section */

/* Begin PBXResourcesBuildPhase section */
		043DFBFE29F9588E008A3E65 /* Resources */ = {
			isa = PBXResourcesBuildPhase;
			buildActionMask = 2147483647;
			files = (
				043DFC0B29F95890008A3E65 /* Preview Assets.xcassets in Resources */,
				043DFC0829F95890008A3E65 /* Assets.xcassets in Resources */,
			);
			runOnlyForDeploymentPostprocessing = 0;
		};
/* End PBXResourcesBuildPhase section */

/* Begin PBXSourcesBuildPhase section */
		043DFBFC29F9588E008A3E65 /* Sources */ = {
			isa = PBXSourcesBuildPhase;
			buildActionMask = 2147483647;
			files = (
				04EEF2252A0265CB00D8F4EE /* cartView.swift in Sources */,
				043DFC3E29F987CC008A3E65 /* CafetariaDetail.swift in Sources */,
				043DFC0629F9588E008A3E65 /* ContentView.swift in Sources */,
				043DFC3229F97FA7008A3E65 /* keranjang.swift in Sources */,
				043DFC1C29F96373008A3E65 /* cartItem.swift in Sources */,
				043DFC2029F96B32008A3E65 /* checkOutView.swift in Sources */,
				04612F0A29FADB7A0001C2F6 /* CafetariaListView.swift in Sources */,
				04EEF2232A0259DC00D8F4EE /* AddProductAmount.swift in Sources */,
				043DFC0429F9588E008A3E65 /* _706012110019_ileenetrinia_AFL3_ucwalkApp.swift in Sources */,
				043DFC3629F9842A008A3E65 /* Cafetaria.swift in Sources */,
			);
			runOnlyForDeploymentPostprocessing = 0;
		};
/* End PBXSourcesBuildPhase section */

/* Begin XCBuildConfiguration section */
		043DFC0C29F95890008A3E65 /* Debug */ = {
			isa = XCBuildConfiguration;
			buildSettings = {
				ALWAYS_SEARCH_USER_PATHS = NO;
				CLANG_ANALYZER_NONNULL = YES;
				CLANG_ANALYZER_NUMBER_OBJECT_CONVERSION = YES_AGGRESSIVE;
				CLANG_CXX_LANGUAGE_STANDARD = "gnu++20";
				CLANG_ENABLE_MODULES = YES;
				CLANG_ENABLE_OBJC_ARC = YES;
				CLANG_ENABLE_OBJC_WEAK = YES;
				CLANG_WARN_BLOCK_CAPTURE_AUTORELEASING = YES;
				CLANG_WARN_BOOL_CONVERSION = YES;
				CLANG_WARN_COMMA = YES;
				CLANG_WARN_CONSTANT_CONVERSION = YES;
				CLANG_WARN_DEPRECATED_OBJC_IMPLEMENTATIONS = YES;
				CLANG_WARN_DIRECT_OBJC_ISA_USAGE = YES_ERROR;
				CLANG_WARN_DOCUMENTATION_COMMENTS = YES;
				CLANG_WARN_EMPTY_BODY = YES;
				CLANG_WARN_ENUM_CONVERSION = YES;
				CLANG_WARN_INFINITE_RECURSION = YES;
				CLANG_WARN_INT_CONVERSION = YES;
				CLANG_WARN_NON_LITERAL_NULL_CONVERSION = YES;
				CLANG_WARN_OBJC_IMPLICIT_RETAIN_SELF = YES;
				CLANG_WARN_OBJC_LITERAL_CONVERSION = YES;
				CLANG_WARN_OBJC_ROOT_CLASS = YES_ERROR;
				CLANG_WARN_QUOTED_INCLUDE_IN_FRAMEWORK_HEADER = YES;
				CLANG_WARN_RANGE_LOOP_ANALYSIS = YES;
				CLANG_WARN_STRICT_PROTOTYPES = YES;
				CLANG_WARN_SUSPICIOUS_MOVE = YES;
				CLANG_WARN_UNGUARDED_AVAILABILITY = YES_AGGRESSIVE;
				CLANG_WARN_UNREACHABLE_CODE = YES;
				CLANG_WARN__DUPLICATE_METHOD_MATCH = YES;
				COPY_PHASE_STRIP = NO;
				DEBUG_INFORMATION_FORMAT = dwarf;
				ENABLE_STRICT_OBJC_MSGSEND = YES;
				ENABLE_TESTABILITY = YES;
				GCC_C_LANGUAGE_STANDARD = gnu11;
				GCC_DYNAMIC_NO_PIC = NO;
				GCC_NO_COMMON_BLOCKS = YES;
				GCC_OPTIMIZATION_LEVEL = 0;
				GCC_PREPROCESSOR_DEFINITIONS = (
					"DEBUG=1",
					"$(inherited)",
				);
				GCC_WARN_64_TO_32_BIT_CONVERSION = YES;
				GCC_WARN_ABOUT_RETURN_TYPE = YES_ERROR;
				GCC_WARN_UNDECLARED_SELECTOR = YES;
				GCC_WARN_UNINITIALIZED_AUTOS = YES_AGGRESSIVE;
				GCC_WARN_UNUSED_FUNCTION = YES;
				GCC_WARN_UNUSED_VARIABLE = YES;
				IPHONEOS_DEPLOYMENT_TARGET = 16.2;
				MTL_ENABLE_DEBUG_INFO = INCLUDE_SOURCE;
				MTL_FAST_MATH = YES;
				ONLY_ACTIVE_ARCH = YES;
				SDKROOT = iphoneos;
				SWIFT_ACTIVE_COMPILATION_CONDITIONS = DEBUG;
				SWIFT_OPTIMIZATION_LEVEL = "-Onone";
			};
			name = Debug;
		};
		043DFC0D29F95890008A3E65 /* Release */ = {
			isa = XCBuildConfiguration;
			buildSettings = {
				ALWAYS_SEARCH_USER_PATHS = NO;
				CLANG_ANALYZER_NONNULL = YES;
				CLANG_ANALYZER_NUMBER_OBJECT_CONVERSION = YES_AGGRESSIVE;
				CLANG_CXX_LANGUAGE_STANDARD = "gnu++20";
				CLANG_ENABLE_MODULES = YES;
				CLANG_ENABLE_OBJC_ARC = YES;
				CLANG_ENABLE_OBJC_WEAK = YES;
				CLANG_WARN_BLOCK_CAPTURE_AUTORELEASING = YES;
				CLANG_WARN_BOOL_CONVERSION = YES;
				CLANG_WARN_COMMA = YES;
				CLANG_WARN_CONSTANT_CONVERSION = YES;
				CLANG_WARN_DEPRECATED_OBJC_IMPLEMENTATIONS = YES;
				CLANG_WARN_DIRECT_OBJC_ISA_USAGE = YES_ERROR;
				CLANG_WARN_DOCUMENTATION_COMMENTS = YES;
				CLANG_WARN_EMPTY_BODY = YES;
				CLANG_WARN_ENUM_CONVERSION = YES;
				CLANG_WARN_INFINITE_RECURSION = YES;
				CLANG_WARN_INT_CONVERSION = YES;
				CLANG_WARN_NON_LITERAL_NULL_CONVERSION = YES;
				CLANG_WARN_OBJC_IMPLICIT_RETAIN_SELF = YES;
				CLANG_WARN_OBJC_LITERAL_CONVERSION = YES;
				CLANG_WARN_OBJC_ROOT_CLASS = YES_ERROR;
				CLANG_WARN_QUOTED_INCLUDE_IN_FRAMEWORK_HEADER = YES;
				CLANG_WARN_RANGE_LOOP_ANALYSIS = YES;
				CLANG_WARN_STRICT_PROTOTYPES = YES;
				CLANG_WARN_SUSPICIOUS_MOVE = YES;
				CLANG_WARN_UNGUARDED_AVAILABILITY = YES_AGGRESSIVE;
				CLANG_WARN_UNREACHABLE_CODE = YES;
				CLANG_WARN__DUPLICATE_METHOD_MATCH = YES;
				COPY_PHASE_STRIP = NO;
				DEBUG_INFORMATION_FORMAT = "dwarf-with-dsym";
				ENABLE_NS_ASSERTIONS = NO;
				ENABLE_STRICT_OBJC_MSGSEND = YES;
				GCC_C_LANGUAGE_STANDARD = gnu11;
				GCC_NO_COMMON_BLOCKS = YES;
				GCC_WARN_64_TO_32_BIT_CONVERSION = YES;
				GCC_WARN_ABOUT_RETURN_TYPE = YES_ERROR;
				GCC_WARN_UNDECLARED_SELECTOR = YES;
				GCC_WARN_UNINITIALIZED_AUTOS = YES_AGGRESSIVE;
				GCC_WARN_UNUSED_FUNCTION = YES;
				GCC_WARN_UNUSED_VARIABLE = YES;
				IPHONEOS_DEPLOYMENT_TARGET = 16.2;
				MTL_ENABLE_DEBUG_INFO = NO;
				MTL_FAST_MATH = YES;
				SDKROOT = iphoneos;
				SWIFT_COMPILATION_MODE = wholemodule;
				SWIFT_OPTIMIZATION_LEVEL = "-O";
				VALIDATE_PRODUCT = YES;
			};
			name = Release;
		};
		043DFC0F29F95890008A3E65 /* Debug */ = {
			isa = XCBuildConfiguration;
			buildSettings = {
				ASSETCATALOG_COMPILER_APPICON_NAME = AppIcon;
				ASSETCATALOG_COMPILER_GLOBAL_ACCENT_COLOR_NAME = AccentColor;
				CODE_SIGN_STYLE = Automatic;
				CURRENT_PROJECT_VERSION = 1;
				DEVELOPMENT_ASSET_PATHS = "\"0706012110019-ileenetrinia-AFL3-ucwalk/Preview Content\"";
				DEVELOPMENT_TEAM = 6UXUMJD7JK;
				ENABLE_PREVIEWS = YES;
				GENERATE_INFOPLIST_FILE = YES;
				INFOPLIST_KEY_UIApplicationSceneManifest_Generation = YES;
				INFOPLIST_KEY_UIApplicationSupportsIndirectInputEvents = YES;
				INFOPLIST_KEY_UILaunchScreen_Generation = YES;
				INFOPLIST_KEY_UISupportedInterfaceOrientations_iPad = "UIInterfaceOrientationPortrait UIInterfaceOrientationPortraitUpsideDown UIInterfaceOrientationLandscapeLeft UIInterfaceOrientationLandscapeRight";
				INFOPLIST_KEY_UISupportedInterfaceOrientations_iPhone = "UIInterfaceOrientationPortrait UIInterfaceOrientationLandscapeLeft UIInterfaceOrientationLandscapeRight";
				LD_RUNPATH_SEARCH_PATHS = (
					"$(inherited)",
					"@executable_path/Frameworks",
				);
				MARKETING_VERSION = 1.0;
				PRODUCT_BUNDLE_IDENTIFIER = "il.-706012110019-ileenetrinia-AFL3-ucwalk";
				PRODUCT_NAME = "$(TARGET_NAME)";
				SWIFT_EMIT_LOC_STRINGS = YES;
				SWIFT_VERSION = 5.0;
				TARGETED_DEVICE_FAMILY = "1,2";
			};
			name = Debug;
		};
		043DFC1029F95890008A3E65 /* Release */ = {
			isa = XCBuildConfiguration;
			buildSettings = {
				ASSETCATALOG_COMPILER_APPICON_NAME = AppIcon;
				ASSETCATALOG_COMPILER_GLOBAL_ACCENT_COLOR_NAME = AccentColor;
				CODE_SIGN_STYLE = Automatic;
				CURRENT_PROJECT_VERSION = 1;
				DEVELOPMENT_ASSET_PATHS = "\"0706012110019-ileenetrinia-AFL3-ucwalk/Preview Content\"";
				DEVELOPMENT_TEAM = 6UXUMJD7JK;
				ENABLE_PREVIEWS = YES;
				GENERATE_INFOPLIST_FILE = YES;
				INFOPLIST_KEY_UIApplicationSceneManifest_Generation = YES;
				INFOPLIST_KEY_UIApplicationSupportsIndirectInputEvents = YES;
				INFOPLIST_KEY_UILaunchScreen_Generation = YES;
				INFOPLIST_KEY_UISupportedInterfaceOrientations_iPad = "UIInterfaceOrientationPortrait UIInterfaceOrientationPortraitUpsideDown UIInterfaceOrientationLandscapeLeft UIInterfaceOrientationLandscapeRight";
				INFOPLIST_KEY_UISupportedInterfaceOrientations_iPhone = "UIInterfaceOrientationPortrait UIInterfaceOrientationLandscapeLeft UIInterfaceOrientationLandscapeRight";
				LD_RUNPATH_SEARCH_PATHS = (
					"$(inherited)",
					"@executable_path/Frameworks",
				);
				MARKETING_VERSION = 1.0;
				PRODUCT_BUNDLE_IDENTIFIER = "il.-706012110019-ileenetrinia-AFL3-ucwalk";
				PRODUCT_NAME = "$(TARGET_NAME)";
				SWIFT_EMIT_LOC_STRINGS = YES;
				SWIFT_VERSION = 5.0;
				TARGETED_DEVICE_FAMILY = "1,2";
			};
			name = Release;
		};
/* End XCBuildConfiguration section */

/* Begin XCConfigurationList section */
		043DFBFB29F9588E008A3E65 /* Build configuration list for PBXProject "0706012110019-ileenetrinia-AFL3-ucwalk" */ = {
			isa = XCConfigurationList;
			buildConfigurations = (
				043DFC0C29F95890008A3E65 /* Debug */,
				043DFC0D29F95890008A3E65 /* Release */,
			);
			defaultConfigurationIsVisible = 0;
			defaultConfigurationName = Release;
		};
		043DFC0E29F95890008A3E65 /* Build configuration list for PBXNativeTarget "0706012110019-ileenetrinia-AFL3-ucwalk" */ = {
			isa = XCConfigurationList;
			buildConfigurations = (
				043DFC0F29F95890008A3E65 /* Debug */,
				043DFC1029F95890008A3E65 /* Release */,
			);
			defaultConfigurationIsVisible = 0;
			defaultConfigurationName = Release;
		};
/* End XCConfigurationList section */
	};
	rootObject = 043DFBF829F9588E008A3E65 /* Project object */;
}
